
Microsoft Visual Studio Solution File, Format Version 12.00
# Visual Studio 15
VisualStudioVersion = 15.0.28307.421
MinimumVisualStudioVersion = 10.0.40219.1
Project("{8BC9CEB8-8B4A-11D0-8D11-00A0C91BC942}") = "Prob15_UnNodoMuyLejano", "Prob15_UnNodoMuyLejano\Prob15_UnNodoMuyLejano.vcxproj", "{C14E6B5A-4327-44DF-A4D7-7E89A7A19789}"
EndProject
Global
	GlobalSection(SolutionConfigurationPlatforms) = preSolution
		Debug|x64 = Debug|x64
		Debug|x86 = Debug|x86
		Release|x64 = Release|x64
		Release|x86 = Release|x86
	EndGlobalSection
	GlobalSection(ProjectConfigurationPlatforms) = postSolution
		{C14E6B5A-4327-44DF-A4D7-7E89A7A19789}.Debug|x64.ActiveCfg = Debug|x64
		{C14E6B5A-4327-44DF-A4D7-7E89A7A19789}.Debug|x64.Build.0 = Debug|x64
		{C14E6B5A-4327-44DF-A4D7-7E89A7A19789}.Debug|x86.ActiveCfg = Debug|Win32
		{C14E6B5A-4327-44DF-A4D7-7E89A7A19789}.Debug|x86.Build.0 = Debug|Win32
		{C14E6B5A-4327-44DF-A4D7-7E89A7A19789}.Release|x64.ActiveCfg = Release|x64
		{C14E6B5A-4327-44DF-A4D7-7E89A7A19789}.Release|x64.Build.0 = Release|x64
		{C14E6B5A-4327-44DF-A4D7-7E89A7A19789}.Release|x86.ActiveCfg = Release|Win32
		{C14E6B5A-4327-44DF-A4D7-7E89A7A19789}.Release|x86.Build.0 = Release|Win32
	EndGlobalSection
	GlobalSection(SolutionProperties) = preSolution
		HideSolutionNode = FALSE
	EndGlobalSection
	GlobalSection(ExtensibilityGlobals) = postSolution
		SolutionGuid = {6E5A7638-8EEB-48DB-94F3-2AAB3384A7E8}
	EndGlobalSection
EndGlobal
