
Microsoft Visual Studio Solution File, Format Version 12.00
# Visual Studio 15
VisualStudioVersion = 15.0.28307.421
MinimumVisualStudioVersion = 10.0.40219.1
Project("{8BC9CEB8-8B4A-11D0-8D11-00A0C91BC942}") = "Prob17_OrdenandoTareas", "Prob17_OrdenandoTareas\Prob17_OrdenandoTareas.vcxproj", "{1EE802DA-4396-49F3-8377-6E5875DA28FD}"
EndProject
Global
	GlobalSection(SolutionConfigurationPlatforms) = preSolution
		Debug|x64 = Debug|x64
		Debug|x86 = Debug|x86
		Release|x64 = Release|x64
		Release|x86 = Release|x86
	EndGlobalSection
	GlobalSection(ProjectConfigurationPlatforms) = postSolution
		{1EE802DA-4396-49F3-8377-6E5875DA28FD}.Debug|x64.ActiveCfg = Debug|x64
		{1EE802DA-4396-49F3-8377-6E5875DA28FD}.Debug|x64.Build.0 = Debug|x64
		{1EE802DA-4396-49F3-8377-6E5875DA28FD}.Debug|x86.ActiveCfg = Debug|Win32
		{1EE802DA-4396-49F3-8377-6E5875DA28FD}.Debug|x86.Build.0 = Debug|Win32
		{1EE802DA-4396-49F3-8377-6E5875DA28FD}.Release|x64.ActiveCfg = Release|x64
		{1EE802DA-4396-49F3-8377-6E5875DA28FD}.Release|x64.Build.0 = Release|x64
		{1EE802DA-4396-49F3-8377-6E5875DA28FD}.Release|x86.ActiveCfg = Release|Win32
		{1EE802DA-4396-49F3-8377-6E5875DA28FD}.Release|x86.Build.0 = Release|Win32
	EndGlobalSection
	GlobalSection(SolutionProperties) = preSolution
		HideSolutionNode = FALSE
	EndGlobalSection
	GlobalSection(ExtensibilityGlobals) = postSolution
		SolutionGuid = {2BA335D3-6EB8-45BE-B17E-B74CCA9E8DBC}
	EndGlobalSection
EndGlobal
