
Microsoft Visual Studio Solution File, Format Version 12.00
# Visual Studio 15
VisualStudioVersion = 15.0.28307.421
MinimumVisualStudioVersion = 10.0.40219.1
Project("{8BC9CEB8-8B4A-11D0-8D11-00A0C91BC942}") = "Prob41_SeisGradosDeSeparacion", "Prob41_SeisGradosDeSeparacion\Prob41_SeisGradosDeSeparacion.vcxproj", "{0DF65A63-D019-4CB4-BE59-3AAF32AE1254}"
EndProject
Global
	GlobalSection(SolutionConfigurationPlatforms) = preSolution
		Debug|x64 = Debug|x64
		Debug|x86 = Debug|x86
		Release|x64 = Release|x64
		Release|x86 = Release|x86
	EndGlobalSection
	GlobalSection(ProjectConfigurationPlatforms) = postSolution
		{0DF65A63-D019-4CB4-BE59-3AAF32AE1254}.Debug|x64.ActiveCfg = Debug|x64
		{0DF65A63-D019-4CB4-BE59-3AAF32AE1254}.Debug|x64.Build.0 = Debug|x64
		{0DF65A63-D019-4CB4-BE59-3AAF32AE1254}.Debug|x86.ActiveCfg = Debug|Win32
		{0DF65A63-D019-4CB4-BE59-3AAF32AE1254}.Debug|x86.Build.0 = Debug|Win32
		{0DF65A63-D019-4CB4-BE59-3AAF32AE1254}.Release|x64.ActiveCfg = Release|x64
		{0DF65A63-D019-4CB4-BE59-3AAF32AE1254}.Release|x64.Build.0 = Release|x64
		{0DF65A63-D019-4CB4-BE59-3AAF32AE1254}.Release|x86.ActiveCfg = Release|Win32
		{0DF65A63-D019-4CB4-BE59-3AAF32AE1254}.Release|x86.Build.0 = Release|Win32
	EndGlobalSection
	GlobalSection(SolutionProperties) = preSolution
		HideSolutionNode = FALSE
	EndGlobalSection
	GlobalSection(ExtensibilityGlobals) = postSolution
		SolutionGuid = {DF1F9DDE-6F94-40A3-A747-9BCA2A9CBF00}
	EndGlobalSection
EndGlobal
