
Microsoft Visual Studio Solution File, Format Version 12.00
# Visual Studio 15
VisualStudioVersion = 15.0.28307.421
MinimumVisualStudioVersion = 10.0.40219.1
Project("{8BC9CEB8-8B4A-11D0-8D11-00A0C91BC942}") = "Prob28_NosInvaden", "Prob28_NosInvaden\Prob28_NosInvaden.vcxproj", "{63A0B1B0-7E56-4F82-9836-37A0E469035A}"
EndProject
Global
	GlobalSection(SolutionConfigurationPlatforms) = preSolution
		Debug|x64 = Debug|x64
		Debug|x86 = Debug|x86
		Release|x64 = Release|x64
		Release|x86 = Release|x86
	EndGlobalSection
	GlobalSection(ProjectConfigurationPlatforms) = postSolution
		{63A0B1B0-7E56-4F82-9836-37A0E469035A}.Debug|x64.ActiveCfg = Debug|x64
		{63A0B1B0-7E56-4F82-9836-37A0E469035A}.Debug|x64.Build.0 = Debug|x64
		{63A0B1B0-7E56-4F82-9836-37A0E469035A}.Debug|x86.ActiveCfg = Debug|Win32
		{63A0B1B0-7E56-4F82-9836-37A0E469035A}.Debug|x86.Build.0 = Debug|Win32
		{63A0B1B0-7E56-4F82-9836-37A0E469035A}.Release|x64.ActiveCfg = Release|x64
		{63A0B1B0-7E56-4F82-9836-37A0E469035A}.Release|x64.Build.0 = Release|x64
		{63A0B1B0-7E56-4F82-9836-37A0E469035A}.Release|x86.ActiveCfg = Release|Win32
		{63A0B1B0-7E56-4F82-9836-37A0E469035A}.Release|x86.Build.0 = Release|Win32
	EndGlobalSection
	GlobalSection(SolutionProperties) = preSolution
		HideSolutionNode = FALSE
	EndGlobalSection
	GlobalSection(ExtensibilityGlobals) = postSolution
		SolutionGuid = {2A2D4BA5-9E93-4E91-B00F-36B0CA55B5B9}
	EndGlobalSection
EndGlobal
