
Microsoft Visual Studio Solution File, Format Version 12.00
# Visual Studio 15
VisualStudioVersion = 15.0.28307.421
MinimumVisualStudioVersion = 10.0.40219.1
Project("{8BC9CEB8-8B4A-11D0-8D11-00A0C91BC942}") = "Prob44_CineRománticoARaudales", "Prob44_CineRománticoARaudales\Prob44_CineRománticoARaudales.vcxproj", "{D8EE287D-8F43-44AF-B64A-F72A6F57CB3F}"
EndProject
Global
	GlobalSection(SolutionConfigurationPlatforms) = preSolution
		Debug|x64 = Debug|x64
		Debug|x86 = Debug|x86
		Release|x64 = Release|x64
		Release|x86 = Release|x86
	EndGlobalSection
	GlobalSection(ProjectConfigurationPlatforms) = postSolution
		{D8EE287D-8F43-44AF-B64A-F72A6F57CB3F}.Debug|x64.ActiveCfg = Debug|x64
		{D8EE287D-8F43-44AF-B64A-F72A6F57CB3F}.Debug|x64.Build.0 = Debug|x64
		{D8EE287D-8F43-44AF-B64A-F72A6F57CB3F}.Debug|x86.ActiveCfg = Debug|Win32
		{D8EE287D-8F43-44AF-B64A-F72A6F57CB3F}.Debug|x86.Build.0 = Debug|Win32
		{D8EE287D-8F43-44AF-B64A-F72A6F57CB3F}.Release|x64.ActiveCfg = Release|x64
		{D8EE287D-8F43-44AF-B64A-F72A6F57CB3F}.Release|x64.Build.0 = Release|x64
		{D8EE287D-8F43-44AF-B64A-F72A6F57CB3F}.Release|x86.ActiveCfg = Release|Win32
		{D8EE287D-8F43-44AF-B64A-F72A6F57CB3F}.Release|x86.Build.0 = Release|Win32
	EndGlobalSection
	GlobalSection(SolutionProperties) = preSolution
		HideSolutionNode = FALSE
	EndGlobalSection
	GlobalSection(ExtensibilityGlobals) = postSolution
		SolutionGuid = {E2A1EE8F-9D68-42F3-AA94-C1654E1AFBE3}
	EndGlobalSection
EndGlobal
