
Microsoft Visual Studio Solution File, Format Version 12.00
# Visual Studio 15
VisualStudioVersion = 15.0.28307.421
MinimumVisualStudioVersion = 10.0.40219.1
Project("{8BC9CEB8-8B4A-11D0-8D11-00A0C91BC942}") = "Prob36_ConstruyendoDianas", "Prob36_ConstruyendoDianas\Prob36_ConstruyendoDianas.vcxproj", "{AB3CAA24-97C1-4375-A539-24D11097A7F8}"
EndProject
Global
	GlobalSection(SolutionConfigurationPlatforms) = preSolution
		Debug|x64 = Debug|x64
		Debug|x86 = Debug|x86
		Release|x64 = Release|x64
		Release|x86 = Release|x86
	EndGlobalSection
	GlobalSection(ProjectConfigurationPlatforms) = postSolution
		{AB3CAA24-97C1-4375-A539-24D11097A7F8}.Debug|x64.ActiveCfg = Debug|x64
		{AB3CAA24-97C1-4375-A539-24D11097A7F8}.Debug|x64.Build.0 = Debug|x64
		{AB3CAA24-97C1-4375-A539-24D11097A7F8}.Debug|x86.ActiveCfg = Debug|Win32
		{AB3CAA24-97C1-4375-A539-24D11097A7F8}.Debug|x86.Build.0 = Debug|Win32
		{AB3CAA24-97C1-4375-A539-24D11097A7F8}.Release|x64.ActiveCfg = Release|x64
		{AB3CAA24-97C1-4375-A539-24D11097A7F8}.Release|x64.Build.0 = Release|x64
		{AB3CAA24-97C1-4375-A539-24D11097A7F8}.Release|x86.ActiveCfg = Release|Win32
		{AB3CAA24-97C1-4375-A539-24D11097A7F8}.Release|x86.Build.0 = Release|Win32
	EndGlobalSection
	GlobalSection(SolutionProperties) = preSolution
		HideSolutionNode = FALSE
	EndGlobalSection
	GlobalSection(ExtensibilityGlobals) = postSolution
		SolutionGuid = {EF42CA1D-9C76-406A-BAB1-798B968992CE}
	EndGlobalSection
EndGlobal
