
Microsoft Visual Studio Solution File, Format Version 12.00
# Visual Studio 15
VisualStudioVersion = 15.0.28307.421
MinimumVisualStudioVersion = 10.0.40219.1
Project("{8BC9CEB8-8B4A-11D0-8D11-00A0C91BC942}") = "Prob26_RepartiendoPaquetes", "Prob26_RepartiendoPaquetes\Prob26_RepartiendoPaquetes.vcxproj", "{C0019D24-9728-4527-B971-C1F907A7F57B}"
EndProject
Global
	GlobalSection(SolutionConfigurationPlatforms) = preSolution
		Debug|x64 = Debug|x64
		Debug|x86 = Debug|x86
		Release|x64 = Release|x64
		Release|x86 = Release|x86
	EndGlobalSection
	GlobalSection(ProjectConfigurationPlatforms) = postSolution
		{C0019D24-9728-4527-B971-C1F907A7F57B}.Debug|x64.ActiveCfg = Debug|x64
		{C0019D24-9728-4527-B971-C1F907A7F57B}.Debug|x64.Build.0 = Debug|x64
		{C0019D24-9728-4527-B971-C1F907A7F57B}.Debug|x86.ActiveCfg = Debug|Win32
		{C0019D24-9728-4527-B971-C1F907A7F57B}.Debug|x86.Build.0 = Debug|Win32
		{C0019D24-9728-4527-B971-C1F907A7F57B}.Release|x64.ActiveCfg = Release|x64
		{C0019D24-9728-4527-B971-C1F907A7F57B}.Release|x64.Build.0 = Release|x64
		{C0019D24-9728-4527-B971-C1F907A7F57B}.Release|x86.ActiveCfg = Release|Win32
		{C0019D24-9728-4527-B971-C1F907A7F57B}.Release|x86.Build.0 = Release|Win32
	EndGlobalSection
	GlobalSection(SolutionProperties) = preSolution
		HideSolutionNode = FALSE
	EndGlobalSection
	GlobalSection(ExtensibilityGlobals) = postSolution
		SolutionGuid = {A472D712-9FAE-4DD7-A3C3-CBF32D5C0363}
	EndGlobalSection
EndGlobal
